// !$*UTF8*$!
{
	archiveVersion = 1;
	classes = {
	};
	objectVersion = 56;
	objects = {

/* Begin PBXBuildFile section */
		763D8DD02BC284D200B8CE18 /* QuakeClient.swift in Sources */ = {isa = PBXBuildFile; fileRef = 763D8DCF2BC284D200B8CE18 /* QuakeClient.swift */; };
		763D8DD32BC290E500B8CE18 /* TestDownloader.swift in Sources */ = {isa = PBXBuildFile; fileRef = 763D8DD22BC290E500B8CE18 /* TestDownloader.swift */; };
		763D8DD42BC2922C00B8CE18 /* TestData.swift in Sources */ = {isa = PBXBuildFile; fileRef = 76EAEEDD2BBB2931008B6C2D /* TestData.swift */; };
		763D8DD82BC29DF400B8CE18 /* QuakesProvider.swift in Sources */ = {isa = PBXBuildFile; fileRef = 763D8DD72BC29DF400B8CE18 /* QuakesProvider.swift */; };
		763D8DDA2BC29F5B00B8CE18 /* EarthquakesApp.swift in Sources */ = {isa = PBXBuildFile; fileRef = 763D8DD92BC29F5B00B8CE18 /* EarthquakesApp.swift */; };
		7666EC912BC1CAB100E7C5D3 /* HTTPDataDownloader.swift in Sources */ = {isa = PBXBuildFile; fileRef = 7666EC902BC1CAB100E7C5D3 /* HTTPDataDownloader.swift */; };
		76DC1A992BBF280100B9DE21 /* QuakeLocation.swift in Sources */ = {isa = PBXBuildFile; fileRef = 76DC1A982BBF280100B9DE21 /* QuakeLocation.swift */; };
		76E775F02BC2C27700302679 /* Quakes.swift in Sources */ = {isa = PBXBuildFile; fileRef = 76E775EF2BC2C27700302679 /* Quakes.swift */; };
		76E7760C2BC2CABB00302679 /* QuakeMagnitude.swift in Sources */ = {isa = PBXBuildFile; fileRef = 76E7760B2BC2CABB00302679 /* QuakeMagnitude.swift */; };
		76E7760E2BC2CE5600302679 /* Quake+Color.swift in Sources */ = {isa = PBXBuildFile; fileRef = 76E7760D2BC2CE5600302679 /* Quake+Color.swift */; };
		76E776102BC2D36C00302679 /* QuakeRow.swift in Sources */ = {isa = PBXBuildFile; fileRef = 76E7760F2BC2D36C00302679 /* QuakeRow.swift */; };
		76E776132BC2DCB400302679 /* SelectButton.swift in Sources */ = {isa = PBXBuildFile; fileRef = 76E776122BC2DCB400302679 /* SelectButton.swift */; };
		76E776152BC2E27A00302679 /* Quakes+Toolbar.swift in Sources */ = {isa = PBXBuildFile; fileRef = 76E776142BC2E27A00302679 /* Quakes+Toolbar.swift */; };
		76E776172BC2E3D300302679 /* EditButton.swift in Sources */ = {isa = PBXBuildFile; fileRef = 76E776162BC2E3D300302679 /* EditButton.swift */; };
		76E776192BC2E52500302679 /* DeleteButton.swift in Sources */ = {isa = PBXBuildFile; fileRef = 76E776182BC2E52500302679 /* DeleteButton.swift */; };
		76E7761B2BC2E5AF00302679 /* RefreshButton.swift in Sources */ = {isa = PBXBuildFile; fileRef = 76E7761A2BC2E5AF00302679 /* RefreshButton.swift */; };
		76EAEEB92BBB1633008B6C2D /* SceneDelegate.swift in Sources */ = {isa = PBXBuildFile; fileRef = 76EAEEB82BBB1633008B6C2D /* SceneDelegate.swift */; };
		76EAEEC02BBB1635008B6C2D /* Assets.xcassets in Resources */ = {isa = PBXBuildFile; fileRef = 76EAEEBF2BBB1635008B6C2D /* Assets.xcassets */; };
		76EAEEC32BBB1635008B6C2D /* LaunchScreen.storyboard in Resources */ = {isa = PBXBuildFile; fileRef = 76EAEEC12BBB1635008B6C2D /* LaunchScreen.storyboard */; };
		76EAEECC2BBB173A008B6C2D /* Quake.swift in Sources */ = {isa = PBXBuildFile; fileRef = 76EAEECB2BBB173A008B6C2D /* Quake.swift */; };
		76EAEECE2BBB2356008B6C2D /* QuakeError.swift in Sources */ = {isa = PBXBuildFile; fileRef = 76EAEECD2BBB2356008B6C2D /* QuakeError.swift */; };
		76EAEED72BBB28B7008B6C2D /* EarthquakesTests.swift in Sources */ = {isa = PBXBuildFile; fileRef = 76EAEED62BBB28B7008B6C2D /* EarthquakesTests.swift */; };
		76EAEEDE2BBB2931008B6C2D /* TestData.swift in Sources */ = {isa = PBXBuildFile; fileRef = 76EAEEDD2BBB2931008B6C2D /* TestData.swift */; };
		76F90D652BBDD15C00024B57 /* GeoJSON.swift in Sources */ = {isa = PBXBuildFile; fileRef = 76F90D642BBDD15C00024B57 /* GeoJSON.swift */; };
/* End PBXBuildFile section */

/* Begin PBXContainerItemProxy section */
		76EAEED82BBB28B7008B6C2D /* PBXContainerItemProxy */ = {
			isa = PBXContainerItemProxy;
			containerPortal = 76EAEEAB2BBB1633008B6C2D /* Project object */;
			proxyType = 1;
			remoteGlobalIDString = 76EAEEB22BBB1633008B6C2D;
			remoteInfo = Earthquakes;
		};
/* End PBXContainerItemProxy section */

/* Begin PBXFileReference section */
		763D8DCF2BC284D200B8CE18 /* QuakeClient.swift */ = {isa = PBXFileReference; lastKnownFileType = sourcecode.swift; path = QuakeClient.swift; sourceTree = "<group>"; };
		763D8DD22BC290E500B8CE18 /* TestDownloader.swift */ = {isa = PBXFileReference; lastKnownFileType = sourcecode.swift; path = TestDownloader.swift; sourceTree = "<group>"; };
		763D8DD72BC29DF400B8CE18 /* QuakesProvider.swift */ = {isa = PBXFileReference; lastKnownFileType = sourcecode.swift; path = QuakesProvider.swift; sourceTree = "<group>"; };
		763D8DD92BC29F5B00B8CE18 /* EarthquakesApp.swift */ = {isa = PBXFileReference; lastKnownFileType = sourcecode.swift; path = EarthquakesApp.swift; sourceTree = "<group>"; };
		7666EC902BC1CAB100E7C5D3 /* HTTPDataDownloader.swift */ = {isa = PBXFileReference; lastKnownFileType = sourcecode.swift; path = HTTPDataDownloader.swift; sourceTree = "<group>"; };
		76DC1A982BBF280100B9DE21 /* QuakeLocation.swift */ = {isa = PBXFileReference; lastKnownFileType = sourcecode.swift; path = QuakeLocation.swift; sourceTree = "<group>"; };
		76E775EF2BC2C27700302679 /* Quakes.swift */ = {isa = PBXFileReference; lastKnownFileType = sourcecode.swift; path = Quakes.swift; sourceTree = "<group>"; };
		76E7760B2BC2CABB00302679 /* QuakeMagnitude.swift */ = {isa = PBXFileReference; lastKnownFileType = sourcecode.swift; path = QuakeMagnitude.swift; sourceTree = "<group>"; };
		76E7760D2BC2CE5600302679 /* Quake+Color.swift */ = {isa = PBXFileReference; lastKnownFileType = sourcecode.swift; path = "Quake+Color.swift"; sourceTree = "<group>"; };
		76E7760F2BC2D36C00302679 /* QuakeRow.swift */ = {isa = PBXFileReference; lastKnownFileType = sourcecode.swift; path = QuakeRow.swift; sourceTree = "<group>"; };
		76E776122BC2DCB400302679 /* SelectButton.swift */ = {isa = PBXFileReference; lastKnownFileType = sourcecode.swift; path = SelectButton.swift; sourceTree = "<group>"; };
		76E776142BC2E27A00302679 /* Quakes+Toolbar.swift */ = {isa = PBXFileReference; lastKnownFileType = sourcecode.swift; path = "Quakes+Toolbar.swift"; sourceTree = "<group>"; };
		76E776162BC2E3D300302679 /* EditButton.swift */ = {isa = PBXFileReference; lastKnownFileType = sourcecode.swift; path = EditButton.swift; sourceTree = "<group>"; };
		76E776182BC2E52500302679 /* DeleteButton.swift */ = {isa = PBXFileReference; lastKnownFileType = sourcecode.swift; path = DeleteButton.swift; sourceTree = "<group>"; };
		76E7761A2BC2E5AF00302679 /* RefreshButton.swift */ = {isa = PBXFileReference; lastKnownFileType = sourcecode.swift; path = RefreshButton.swift; sourceTree = "<group>"; };
		76EAEEB32BBB1633008B6C2D /* Earthquakes.app */ = {isa = PBXFileReference; explicitFileType = wrapper.application; includeInIndex = 0; path = Earthquakes.app; sourceTree = BUILT_PRODUCTS_DIR; };
		76EAEEB82BBB1633008B6C2D /* SceneDelegate.swift */ = {isa = PBXFileReference; lastKnownFileType = sourcecode.swift; path = SceneDelegate.swift; sourceTree = "<group>"; };
		76EAEEBF2BBB1635008B6C2D /* Assets.xcassets */ = {isa = PBXFileReference; lastKnownFileType = folder.assetcatalog; path = Assets.xcassets; sourceTree = "<group>"; };
		76EAEEC22BBB1635008B6C2D /* Base */ = {isa = PBXFileReference; lastKnownFileType = file.storyboard; name = Base; path = Base.lproj/LaunchScreen.storyboard; sourceTree = "<group>"; };
		76EAEEC42BBB1635008B6C2D /* Info.plist */ = {isa = PBXFileReference; lastKnownFileType = text.plist.xml; path = Info.plist; sourceTree = "<group>"; };
		76EAEECB2BBB173A008B6C2D /* Quake.swift */ = {isa = PBXFileReference; lastKnownFileType = sourcecode.swift; path = Quake.swift; sourceTree = "<group>"; };
		76EAEECD2BBB2356008B6C2D /* QuakeError.swift */ = {isa = PBXFileReference; lastKnownFileType = sourcecode.swift; path = QuakeError.swift; sourceTree = "<group>"; };
		76EAEED42BBB28B7008B6C2D /* EarthquakesTests.xctest */ = {isa = PBXFileReference; explicitFileType = wrapper.cfbundle; includeInIndex = 0; path = EarthquakesTests.xctest; sourceTree = BUILT_PRODUCTS_DIR; };
		76EAEED62BBB28B7008B6C2D /* EarthquakesTests.swift */ = {isa = PBXFileReference; lastKnownFileType = sourcecode.swift; path = EarthquakesTests.swift; sourceTree = "<group>"; };
		76EAEEDD2BBB2931008B6C2D /* TestData.swift */ = {isa = PBXFileReference; lastKnownFileType = sourcecode.swift; path = TestData.swift; sourceTree = "<group>"; };
		76F90D642BBDD15C00024B57 /* GeoJSON.swift */ = {isa = PBXFileReference; lastKnownFileType = sourcecode.swift; path = GeoJSON.swift; sourceTree = "<group>"; };
/* End PBXFileReference section */

/* Begin PBXFrameworksBuildPhase section */
		76EAEEB02BBB1633008B6C2D /* Frameworks */ = {
			isa = PBXFrameworksBuildPhase;
			buildActionMask = 2147483647;
			files = (
			);
			runOnlyForDeploymentPostprocessing = 0;
		};
		76EAEED12BBB28B7008B6C2D /* Frameworks */ = {
			isa = PBXFrameworksBuildPhase;
			buildActionMask = 2147483647;
			files = (
			);
			runOnlyForDeploymentPostprocessing = 0;
		};
/* End PBXFrameworksBuildPhase section */

/* Begin PBXGroup section */
		763D8DD12BC28D0D00B8CE18 /* Resources */ = {
			isa = PBXGroup;
			children = (
				76EAEEC42BBB1635008B6C2D /* Info.plist */,
				76EAEEBF2BBB1635008B6C2D /* Assets.xcassets */,
				76EAEEDD2BBB2931008B6C2D /* TestData.swift */,
				763D8DD22BC290E500B8CE18 /* TestDownloader.swift */,
			);
			path = Resources;
			sourceTree = "<group>";
		};
		763D8DD52BC29C8900B8CE18 /* Views */ = {
			isa = PBXGroup;
			children = (
				76E776112BC2DC6200302679 /* ToolbarContent */,
				76E775EF2BC2C27700302679 /* Quakes.swift */,
				76E7760B2BC2CABB00302679 /* QuakeMagnitude.swift */,
				76E7760F2BC2D36C00302679 /* QuakeRow.swift */,
			);
			path = Views;
			sourceTree = "<group>";
		};
		763D8DD62BC29D4B00B8CE18 /* Configuration */ = {
			isa = PBXGroup;
			children = (
				7666EC902BC1CAB100E7C5D3 /* HTTPDataDownloader.swift */,
			);
			path = Configuration;
			sourceTree = "<group>";
		};
		76E776112BC2DC6200302679 /* ToolbarContent */ = {
			isa = PBXGroup;
			children = (
				76E776182BC2E52500302679 /* DeleteButton.swift */,
				76E776162BC2E3D300302679 /* EditButton.swift */,
				76E776142BC2E27A00302679 /* Quakes+Toolbar.swift */,
				76E776122BC2DCB400302679 /* SelectButton.swift */,
				76E7761A2BC2E5AF00302679 /* RefreshButton.swift */,
			);
			path = ToolbarContent;
			sourceTree = "<group>";
		};
		76EAEEAA2BBB1633008B6C2D = {
			isa = PBXGroup;
			children = (
				76EAEEB52BBB1633008B6C2D /* Earthquakes */,
				76EAEED52BBB28B7008B6C2D /* EarthquakesTests */,
				76EAEEB42BBB1633008B6C2D /* Products */,
			);
			sourceTree = "<group>";
		};
		76EAEEB42BBB1633008B6C2D /* Products */ = {
			isa = PBXGroup;
			children = (
				76EAEEB32BBB1633008B6C2D /* Earthquakes.app */,
				76EAEED42BBB28B7008B6C2D /* EarthquakesTests.xctest */,
			);
			name = Products;
			sourceTree = "<group>";
		};
		76EAEEB52BBB1633008B6C2D /* Earthquakes */ = {
			isa = PBXGroup;
			children = (
				763D8DD92BC29F5B00B8CE18 /* EarthquakesApp.swift */,
				763D8DD62BC29D4B00B8CE18 /* Configuration */,
				763D8DD52BC29C8900B8CE18 /* Views */,
				763D8DD12BC28D0D00B8CE18 /* Resources */,
				76EAEECA2BBB1729008B6C2D /* Models */,
				76EAEEB82BBB1633008B6C2D /* SceneDelegate.swift */,
				76EAEEC12BBB1635008B6C2D /* LaunchScreen.storyboard */,
				763D8DCF2BC284D200B8CE18 /* QuakeClient.swift */,
				763D8DD72BC29DF400B8CE18 /* QuakesProvider.swift */,
			);
			path = Earthquakes;
			sourceTree = "<group>";
		};
		76EAEECA2BBB1729008B6C2D /* Models */ = {
			isa = PBXGroup;
			children = (
				76EAEECB2BBB173A008B6C2D /* Quake.swift */,
				76EAEECD2BBB2356008B6C2D /* QuakeError.swift */,
				76F90D642BBDD15C00024B57 /* GeoJSON.swift */,
				76DC1A982BBF280100B9DE21 /* QuakeLocation.swift */,
				76E7760D2BC2CE5600302679 /* Quake+Color.swift */,
			);
			path = Models;
			sourceTree = "<group>";
		};
		76EAEED52BBB28B7008B6C2D /* EarthquakesTests */ = {
			isa = PBXGroup;
			children = (
				76EAEED62BBB28B7008B6C2D /* EarthquakesTests.swift */,
			);
			path = EarthquakesTests;
			sourceTree = "<group>";
		};
/* End PBXGroup section */

/* Begin PBXNativeTarget section */
		76EAEEB22BBB1633008B6C2D /* Earthquakes */ = {
			isa = PBXNativeTarget;
			buildConfigurationList = 76EAEEC72BBB1635008B6C2D /* Build configuration list for PBXNativeTarget "Earthquakes" */;
			buildPhases = (
				76EAEEAF2BBB1633008B6C2D /* Sources */,
				76EAEEB02BBB1633008B6C2D /* Frameworks */,
				76EAEEB12BBB1633008B6C2D /* Resources */,
			);
			buildRules = (
			);
			dependencies = (
			);
			name = Earthquakes;
			productName = Earthquakes;
			productReference = 76EAEEB32BBB1633008B6C2D /* Earthquakes.app */;
			productType = "com.apple.product-type.application";
		};
		76EAEED32BBB28B7008B6C2D /* EarthquakesTests */ = {
			isa = PBXNativeTarget;
			buildConfigurationList = 76EAEEDA2BBB28B7008B6C2D /* Build configuration list for PBXNativeTarget "EarthquakesTests" */;
			buildPhases = (
				76EAEED02BBB28B7008B6C2D /* Sources */,
				76EAEED12BBB28B7008B6C2D /* Frameworks */,
				76EAEED22BBB28B7008B6C2D /* Resources */,
			);
			buildRules = (
			);
			dependencies = (
				76EAEED92BBB28B7008B6C2D /* PBXTargetDependency */,
			);
			name = EarthquakesTests;
			productName = EarthquakesTests;
			productReference = 76EAEED42BBB28B7008B6C2D /* EarthquakesTests.xctest */;
			productType = "com.apple.product-type.bundle.unit-test";
		};
/* End PBXNativeTarget section */

/* Begin PBXProject section */
		76EAEEAB2BBB1633008B6C2D /* Project object */ = {
			isa = PBXProject;
			attributes = {
				BuildIndependentTargetsInParallel = 1;
				LastSwiftUpdateCheck = 1420;
				LastUpgradeCheck = 1420;
				TargetAttributes = {
					76EAEEB22BBB1633008B6C2D = {
						CreatedOnToolsVersion = 14.2;
					};
					76EAEED32BBB28B7008B6C2D = {
						CreatedOnToolsVersion = 14.2;
						TestTargetID = 76EAEEB22BBB1633008B6C2D;
					};
				};
			};
			buildConfigurationList = 76EAEEAE2BBB1633008B6C2D /* Build configuration list for PBXProject "Earthquakes" */;
			compatibilityVersion = "Xcode 14.0";
			developmentRegion = en;
			hasScannedForEncodings = 0;
			knownRegions = (
				en,
				Base,
			);
			mainGroup = 76EAEEAA2BBB1633008B6C2D;
			productRefGroup = 76EAEEB42BBB1633008B6C2D /* Products */;
			projectDirPath = "";
			projectRoot = "";
			targets = (
				76EAEEB22BBB1633008B6C2D /* Earthquakes */,
				76EAEED32BBB28B7008B6C2D /* EarthquakesTests */,
			);
		};
/* End PBXProject section */

/* Begin PBXResourcesBuildPhase section */
		76EAEEB12BBB1633008B6C2D /* Resources */ = {
			isa = PBXResourcesBuildPhase;
			buildActionMask = 2147483647;
			files = (
				76EAEEC32BBB1635008B6C2D /* LaunchScreen.storyboard in Resources */,
				76EAEEC02BBB1635008B6C2D /* Assets.xcassets in Resources */,
			);
			runOnlyForDeploymentPostprocessing = 0;
		};
		76EAEED22BBB28B7008B6C2D /* Resources */ = {
			isa = PBXResourcesBuildPhase;
			buildActionMask = 2147483647;
			files = (
			);
			runOnlyForDeploymentPostprocessing = 0;
		};
/* End PBXResourcesBuildPhase section */

/* Begin PBXSourcesBuildPhase section */
		76EAEEAF2BBB1633008B6C2D /* Sources */ = {
			isa = PBXSourcesBuildPhase;
			buildActionMask = 2147483647;
			files = (
				76E7760C2BC2CABB00302679 /* QuakeMagnitude.swift in Sources */,
				76E776172BC2E3D300302679 /* EditButton.swift in Sources */,
				763D8DD82BC29DF400B8CE18 /* QuakesProvider.swift in Sources */,
				76EAEECE2BBB2356008B6C2D /* QuakeError.swift in Sources */,
				763D8DD42BC2922C00B8CE18 /* TestData.swift in Sources */,
				763D8DDA2BC29F5B00B8CE18 /* EarthquakesApp.swift in Sources */,
				76E776102BC2D36C00302679 /* QuakeRow.swift in Sources */,
				76E776192BC2E52500302679 /* DeleteButton.swift in Sources */,
				76DC1A992BBF280100B9DE21 /* QuakeLocation.swift in Sources */,
				76EAEECC2BBB173A008B6C2D /* Quake.swift in Sources */,
				7666EC912BC1CAB100E7C5D3 /* HTTPDataDownloader.swift in Sources */,
				76E776132BC2DCB400302679 /* SelectButton.swift in Sources */,
				763D8DD32BC290E500B8CE18 /* TestDownloader.swift in Sources */,
				76EAEEB92BBB1633008B6C2D /* SceneDelegate.swift in Sources */,
				763D8DD02BC284D200B8CE18 /* QuakeClient.swift in Sources */,
				76E7760E2BC2CE5600302679 /* Quake+Color.swift in Sources */,
				76F90D652BBDD15C00024B57 /* GeoJSON.swift in Sources */,
				76E7761B2BC2E5AF00302679 /* RefreshButton.swift in Sources */,
				76E775F02BC2C27700302679 /* Quakes.swift in Sources */,
				76E776152BC2E27A00302679 /* Quakes+Toolbar.swift in Sources */,
			);
			runOnlyForDeploymentPostprocessing = 0;
		};
		76EAEED02BBB28B7008B6C2D /* Sources */ = {
			isa = PBXSourcesBuildPhase;
			buildActionMask = 2147483647;
			files = (
				76EAEED72BBB28B7008B6C2D /* EarthquakesTests.swift in Sources */,
				76EAEEDE2BBB2931008B6C2D /* TestData.swift in Sources */,
			);
			runOnlyForDeploymentPostprocessing = 0;
		};
/* End PBXSourcesBuildPhase section */

/* Begin PBXTargetDependency section */
		76EAEED92BBB28B7008B6C2D /* PBXTargetDependency */ = {
			isa = PBXTargetDependency;
			target = 76EAEEB22BBB1633008B6C2D /* Earthquakes */;
			targetProxy = 76EAEED82BBB28B7008B6C2D /* PBXContainerItemProxy */;
		};
/* End PBXTargetDependency section */

/* Begin PBXVariantGroup section */
		76EAEEC12BBB1635008B6C2D /* LaunchScreen.storyboard */ = {
			isa = PBXVariantGroup;
			children = (
				76EAEEC22BBB1635008B6C2D /* Base */,
			);
			name = LaunchScreen.storyboard;
			sourceTree = "<group>";
		};
/* End PBXVariantGroup section */

/* Begin XCBuildConfiguration section */
		76EAEEC52BBB1635008B6C2D /* Debug */ = {
			isa = XCBuildConfiguration;
			buildSettings = {
				ALWAYS_SEARCH_USER_PATHS = NO;
				CLANG_ANALYZER_NONNULL = YES;
				CLANG_ANALYZER_NUMBER_OBJECT_CONVERSION = YES_AGGRESSIVE;
				CLANG_CXX_LANGUAGE_STANDARD = "gnu++20";
				CLANG_ENABLE_MODULES = YES;
				CLANG_ENABLE_OBJC_ARC = YES;
				CLANG_ENABLE_OBJC_WEAK = YES;
				CLANG_WARN_BLOCK_CAPTURE_AUTORELEASING = YES;
				CLANG_WARN_BOOL_CONVERSION = YES;
				CLANG_WARN_COMMA = YES;
				CLANG_WARN_CONSTANT_CONVERSION = YES;
				CLANG_WARN_DEPRECATED_OBJC_IMPLEMENTATIONS = YES;
				CLANG_WARN_DIRECT_OBJC_ISA_USAGE = YES_ERROR;
				CLANG_WARN_DOCUMENTATION_COMMENTS = YES;
				CLANG_WARN_EMPTY_BODY = YES;
				CLANG_WARN_ENUM_CONVERSION = YES;
				CLANG_WARN_INFINITE_RECURSION = YES;
				CLANG_WARN_INT_CONVERSION = YES;
				CLANG_WARN_NON_LITERAL_NULL_CONVERSION = YES;
				CLANG_WARN_OBJC_IMPLICIT_RETAIN_SELF = YES;
				CLANG_WARN_OBJC_LITERAL_CONVERSION = YES;
				CLANG_WARN_OBJC_ROOT_CLASS = YES_ERROR;
				CLANG_WARN_QUOTED_INCLUDE_IN_FRAMEWORK_HEADER = YES;
				CLANG_WARN_RANGE_LOOP_ANALYSIS = YES;
				CLANG_WARN_STRICT_PROTOTYPES = YES;
				CLANG_WARN_SUSPICIOUS_MOVE = YES;
				CLANG_WARN_UNGUARDED_AVAILABILITY = YES_AGGRESSIVE;
				CLANG_WARN_UNREACHABLE_CODE = YES;
				CLANG_WARN__DUPLICATE_METHOD_MATCH = YES;
				COPY_PHASE_STRIP = NO;
				DEBUG_INFORMATION_FORMAT = dwarf;
				ENABLE_STRICT_OBJC_MSGSEND = YES;
				ENABLE_TESTABILITY = YES;
				GCC_C_LANGUAGE_STANDARD = gnu11;
				GCC_DYNAMIC_NO_PIC = NO;
				GCC_NO_COMMON_BLOCKS = YES;
				GCC_OPTIMIZATION_LEVEL = 0;
				GCC_PREPROCESSOR_DEFINITIONS = (
					"DEBUG=1",
					"$(inherited)",
				);
				GCC_WARN_64_TO_32_BIT_CONVERSION = YES;
				GCC_WARN_ABOUT_RETURN_TYPE = YES_ERROR;
				GCC_WARN_UNDECLARED_SELECTOR = YES;
				GCC_WARN_UNINITIALIZED_AUTOS = YES_AGGRESSIVE;
				GCC_WARN_UNUSED_FUNCTION = YES;
				GCC_WARN_UNUSED_VARIABLE = YES;
				IPHONEOS_DEPLOYMENT_TARGET = 16.2;
				MTL_ENABLE_DEBUG_INFO = INCLUDE_SOURCE;
				MTL_FAST_MATH = YES;
				ONLY_ACTIVE_ARCH = YES;
				SDKROOT = iphoneos;
				SWIFT_ACTIVE_COMPILATION_CONDITIONS = DEBUG;
				SWIFT_OPTIMIZATION_LEVEL = "-Onone";
			};
			name = Debug;
		};
		76EAEEC62BBB1635008B6C2D /* Release */ = {
			isa = XCBuildConfiguration;
			buildSettings = {
				ALWAYS_SEARCH_USER_PATHS = NO;
				CLANG_ANALYZER_NONNULL = YES;
				CLANG_ANALYZER_NUMBER_OBJECT_CONVERSION = YES_AGGRESSIVE;
				CLANG_CXX_LANGUAGE_STANDARD = "gnu++20";
				CLANG_ENABLE_MODULES = YES;
				CLANG_ENABLE_OBJC_ARC = YES;
				CLANG_ENABLE_OBJC_WEAK = YES;
				CLANG_WARN_BLOCK_CAPTURE_AUTORELEASING = YES;
				CLANG_WARN_BOOL_CONVERSION = YES;
				CLANG_WARN_COMMA = YES;
				CLANG_WARN_CONSTANT_CONVERSION = YES;
				CLANG_WARN_DEPRECATED_OBJC_IMPLEMENTATIONS = YES;
				CLANG_WARN_DIRECT_OBJC_ISA_USAGE = YES_ERROR;
				CLANG_WARN_DOCUMENTATION_COMMENTS = YES;
				CLANG_WARN_EMPTY_BODY = YES;
				CLANG_WARN_ENUM_CONVERSION = YES;
				CLANG_WARN_INFINITE_RECURSION = YES;
				CLANG_WARN_INT_CONVERSION = YES;
				CLANG_WARN_NON_LITERAL_NULL_CONVERSION = YES;
				CLANG_WARN_OBJC_IMPLICIT_RETAIN_SELF = YES;
				CLANG_WARN_OBJC_LITERAL_CONVERSION = YES;
				CLANG_WARN_OBJC_ROOT_CLASS = YES_ERROR;
				CLANG_WARN_QUOTED_INCLUDE_IN_FRAMEWORK_HEADER = YES;
				CLANG_WARN_RANGE_LOOP_ANALYSIS = YES;
				CLANG_WARN_STRICT_PROTOTYPES = YES;
				CLANG_WARN_SUSPICIOUS_MOVE = YES;
				CLANG_WARN_UNGUARDED_AVAILABILITY = YES_AGGRESSIVE;
				CLANG_WARN_UNREACHABLE_CODE = YES;
				CLANG_WARN__DUPLICATE_METHOD_MATCH = YES;
				COPY_PHASE_STRIP = NO;
				DEBUG_INFORMATION_FORMAT = "dwarf-with-dsym";
				ENABLE_NS_ASSERTIONS = NO;
				ENABLE_STRICT_OBJC_MSGSEND = YES;
				GCC_C_LANGUAGE_STANDARD = gnu11;
				GCC_NO_COMMON_BLOCKS = YES;
				GCC_WARN_64_TO_32_BIT_CONVERSION = YES;
				GCC_WARN_ABOUT_RETURN_TYPE = YES_ERROR;
				GCC_WARN_UNDECLARED_SELECTOR = YES;
				GCC_WARN_UNINITIALIZED_AUTOS = YES_AGGRESSIVE;
				GCC_WARN_UNUSED_FUNCTION = YES;
				GCC_WARN_UNUSED_VARIABLE = YES;
				IPHONEOS_DEPLOYMENT_TARGET = 16.2;
				MTL_ENABLE_DEBUG_INFO = NO;
				MTL_FAST_MATH = YES;
				SDKROOT = iphoneos;
				SWIFT_COMPILATION_MODE = wholemodule;
				SWIFT_OPTIMIZATION_LEVEL = "-O";
				VALIDATE_PRODUCT = YES;
			};
			name = Release;
		};
		76EAEEC82BBB1635008B6C2D /* Debug */ = {
			isa = XCBuildConfiguration;
			buildSettings = {
				ASSETCATALOG_COMPILER_APPICON_NAME = AppIcon;
				ASSETCATALOG_COMPILER_GLOBAL_ACCENT_COLOR_NAME = AccentColor;
				CODE_SIGN_STYLE = Automatic;
				CURRENT_PROJECT_VERSION = 1;
				DEVELOPMENT_TEAM = 6M47DK6YW7;
				GENERATE_INFOPLIST_FILE = YES;
				INFOPLIST_FILE = Earthquakes/Resources/Info.plist;
				INFOPLIST_KEY_UIApplicationSupportsIndirectInputEvents = YES;
				INFOPLIST_KEY_UILaunchStoryboardName = LaunchScreen;
				INFOPLIST_KEY_UIMainStoryboardFile = Main;
				INFOPLIST_KEY_UISupportedInterfaceOrientations_iPad = "UIInterfaceOrientationPortrait UIInterfaceOrientationPortraitUpsideDown UIInterfaceOrientationLandscapeLeft UIInterfaceOrientationLandscapeRight";
				INFOPLIST_KEY_UISupportedInterfaceOrientations_iPhone = "UIInterfaceOrientationPortrait UIInterfaceOrientationLandscapeLeft UIInterfaceOrientationLandscapeRight";
				LD_RUNPATH_SEARCH_PATHS = (
					"$(inherited)",
					"@executable_path/Frameworks",
				);
				MARKETING_VERSION = 1.0;
				PRODUCT_BUNDLE_IDENTIFIER = com.personal.Earthquakes;
				PRODUCT_NAME = "$(TARGET_NAME)";
				SWIFT_EMIT_LOC_STRINGS = YES;
				SWIFT_VERSION = 5.0;
				TARGETED_DEVICE_FAMILY = "1,2";
			};
			name = Debug;
		};
		76EAEEC92BBB1635008B6C2D /* Release */ = {
			isa = XCBuildConfiguration;
			buildSettings = {
				ASSETCATALOG_COMPILER_APPICON_NAME = AppIcon;
				ASSETCATALOG_COMPILER_GLOBAL_ACCENT_COLOR_NAME = AccentColor;
				CODE_SIGN_STYLE = Automatic;
				CURRENT_PROJECT_VERSION = 1;
				DEVELOPMENT_TEAM = 6M47DK6YW7;
				GENERATE_INFOPLIST_FILE = YES;
				INFOPLIST_FILE = Earthquakes/Resources/Info.plist;
				INFOPLIST_KEY_UIApplicationSupportsIndirectInputEvents = YES;
				INFOPLIST_KEY_UILaunchStoryboardName = LaunchScreen;
				INFOPLIST_KEY_UIMainStoryboardFile = Main;
				INFOPLIST_KEY_UISupportedInterfaceOrientations_iPad = "UIInterfaceOrientationPortrait UIInterfaceOrientationPortraitUpsideDown UIInterfaceOrientationLandscapeLeft UIInterfaceOrientationLandscapeRight";
				INFOPLIST_KEY_UISupportedInterfaceOrientations_iPhone = "UIInterfaceOrientationPortrait UIInterfaceOrientationLandscapeLeft UIInterfaceOrientationLandscapeRight";
				LD_RUNPATH_SEARCH_PATHS = (
					"$(inherited)",
					"@executable_path/Frameworks",
				);
				MARKETING_VERSION = 1.0;
				PRODUCT_BUNDLE_IDENTIFIER = com.personal.Earthquakes;
				PRODUCT_NAME = "$(TARGET_NAME)";
				SWIFT_EMIT_LOC_STRINGS = YES;
				SWIFT_VERSION = 5.0;
				TARGETED_DEVICE_FAMILY = "1,2";
			};
			name = Release;
		};
		76EAEEDB2BBB28B7008B6C2D /* Debug */ = {
			isa = XCBuildConfiguration;
			buildSettings = {
				BUNDLE_LOADER = "$(TEST_HOST)";
				CODE_SIGN_STYLE = Automatic;
				CURRENT_PROJECT_VERSION = 1;
				DEVELOPMENT_TEAM = 6M47DK6YW7;
				GENERATE_INFOPLIST_FILE = YES;
				MARKETING_VERSION = 1.0;
				PRODUCT_BUNDLE_IDENTIFIER = com.personal.EarthquakesTests;
				PRODUCT_NAME = "$(TARGET_NAME)";
				SWIFT_EMIT_LOC_STRINGS = NO;
				SWIFT_VERSION = 5.0;
				TARGETED_DEVICE_FAMILY = "1,2";
				TEST_HOST = "$(BUILT_PRODUCTS_DIR)/Earthquakes.app/$(BUNDLE_EXECUTABLE_FOLDER_PATH)/Earthquakes";
			};
			name = Debug;
		};
		76EAEEDC2BBB28B7008B6C2D /* Release */ = {
			isa = XCBuildConfiguration;
			buildSettings = {
				BUNDLE_LOADER = "$(TEST_HOST)";
				CODE_SIGN_STYLE = Automatic;
				CURRENT_PROJECT_VERSION = 1;
				DEVELOPMENT_TEAM = 6M47DK6YW7;
				GENERATE_INFOPLIST_FILE = YES;
				MARKETING_VERSION = 1.0;
				PRODUCT_BUNDLE_IDENTIFIER = com.personal.EarthquakesTests;
				PRODUCT_NAME = "$(TARGET_NAME)";
				SWIFT_EMIT_LOC_STRINGS = NO;
				SWIFT_VERSION = 5.0;
				TARGETED_DEVICE_FAMILY = "1,2";
				TEST_HOST = "$(BUILT_PRODUCTS_DIR)/Earthquakes.app/$(BUNDLE_EXECUTABLE_FOLDER_PATH)/Earthquakes";
			};
			name = Release;
		};
/* End XCBuildConfiguration section */

/* Begin XCConfigurationList section */
		76EAEEAE2BBB1633008B6C2D /* Build configuration list for PBXProject "Earthquakes" */ = {
			isa = XCConfigurationList;
			buildConfigurations = (
				76EAEEC52BBB1635008B6C2D /* Debug */,
				76EAEEC62BBB1635008B6C2D /* Release */,
			);
			defaultConfigurationIsVisible = 0;
			defaultConfigurationName = Release;
		};
		76EAEEC72BBB1635008B6C2D /* Build configuration list for PBXNativeTarget "Earthquakes" */ = {
			isa = XCConfigurationList;
			buildConfigurations = (
				76EAEEC82BBB1635008B6C2D /* Debug */,
				76EAEEC92BBB1635008B6C2D /* Release */,
			);
			defaultConfigurationIsVisible = 0;
			defaultConfigurationName = Release;
		};
		76EAEEDA2BBB28B7008B6C2D /* Build configuration list for PBXNativeTarget "EarthquakesTests" */ = {
			isa = XCConfigurationList;
			buildConfigurations = (
				76EAEEDB2BBB28B7008B6C2D /* Debug */,
				76EAEEDC2BBB28B7008B6C2D /* Release */,
			);
			defaultConfigurationIsVisible = 0;
			defaultConfigurationName = Release;
		};
/* End XCConfigurationList section */
	};
	rootObject = 76EAEEAB2BBB1633008B6C2D /* Project object */;
}
